
Microsoft Visual Studio Solution File, Format Version 12.00
# Visual Studio Version 17
VisualStudioVersion = 17.0.31903.59
MinimumVisualStudioVersion = 10.0.40219.1
Project("{2150E333-8FDC-42A3-9474-1A3956D46DE8}") = "src", "src", "{827E0CD3-B72D-47B6-A68D-7590B98EB39B}"
EndProject
Project("{FAE04EC0-301F-11D3-BF4B-00C04F79EFBC}") = "Api", "src\Api\Api.csproj", "{72043D27-1EED-403D-97C8-30FC01321887}"
EndProject
Project("{FAE04EC0-301F-11D3-BF4B-00C04F79EFBC}") = "Domain", "src\Domain\Domain.csproj", "{4FA9FCE5-DDD0-466D-B95E-0969CEFA8EA6}"
EndProject
Project("{FAE04EC0-301F-11D3-BF4B-00C04F79EFBC}") = "Application", "src\Application\Application.csproj", "{6ECE0663-8A17-4835-B5E6-9796D92C1A25}"
EndProject
Project("{FAE04EC0-301F-11D3-BF4B-00C04F79EFBC}") = "Infrastructure", "src\Infrastructure\Infrastructure.csproj", "{9926EA23-FF3E-40DD-96CB-DF7E0C1A324F}"
EndProject
Project("{FAE04EC0-301F-11D3-BF4B-00C04F79EFBC}") = "Agents", "src\Agents\Agents.csproj", "{5EFA2210-4639-4E56-A677-CDD166BC5E45}"
EndProject
Project("{FAE04EC0-301F-11D3-BF4B-00C04F79EFBC}") = "Contracts", "src\Contracts\Contracts.csproj", "{DA42F3B7-1F9C-427F-97C5-361A418B842C}"
EndProject
Project("{FAE04EC0-301F-11D3-BF4B-00C04F79EFBC}") = "Shared", "src\Shared\Shared.csproj", "{3D5E6F52-9B1C-4C14-921F-60A1F04C1D2B}"
EndProject
Project("{FAE04EC0-301F-11D3-BF4B-00C04F79EFBC}") = "Shared", "src\Shared\Shared.csproj", "{D7197A36-B66B-49EE-8FA7-89C331733414}"
EndProject
Global
	GlobalSection(SolutionConfigurationPlatforms) = preSolution
		Debug|Any CPU = Debug|Any CPU
		Debug|x64 = Debug|x64
		Debug|x86 = Debug|x86
		Release|Any CPU = Release|Any CPU
		Release|x64 = Release|x64
		Release|x86 = Release|x86
	EndGlobalSection
	GlobalSection(ProjectConfigurationPlatforms) = postSolution
		{72043D27-1EED-403D-97C8-30FC01321887}.Debug|Any CPU.ActiveCfg = Debug|Any CPU
		{72043D27-1EED-403D-97C8-30FC01321887}.Debug|Any CPU.Build.0 = Debug|Any CPU
		{72043D27-1EED-403D-97C8-30FC01321887}.Debug|x64.ActiveCfg = Debug|Any CPU
		{72043D27-1EED-403D-97C8-30FC01321887}.Debug|x64.Build.0 = Debug|Any CPU
		{72043D27-1EED-403D-97C8-30FC01321887}.Debug|x86.ActiveCfg = Debug|Any CPU
		{72043D27-1EED-403D-97C8-30FC01321887}.Debug|x86.Build.0 = Debug|Any CPU
		{72043D27-1EED-403D-97C8-30FC01321887}.Release|Any CPU.ActiveCfg = Release|Any CPU
		{72043D27-1EED-403D-97C8-30FC01321887}.Release|Any CPU.Build.0 = Release|Any CPU
		{72043D27-1EED-403D-97C8-30FC01321887}.Release|x64.ActiveCfg = Release|Any CPU
		{72043D27-1EED-403D-97C8-30FC01321887}.Release|x64.Build.0 = Release|Any CPU
		{72043D27-1EED-403D-97C8-30FC01321887}.Release|x86.ActiveCfg = Release|Any CPU
		{72043D27-1EED-403D-97C8-30FC01321887}.Release|x86.Build.0 = Release|Any CPU
		{4FA9FCE5-DDD0-466D-B95E-0969CEFA8EA6}.Debug|Any CPU.ActiveCfg = Debug|Any CPU
		{4FA9FCE5-DDD0-466D-B95E-0969CEFA8EA6}.Debug|Any CPU.Build.0 = Debug|Any CPU
		{4FA9FCE5-DDD0-466D-B95E-0969CEFA8EA6}.Debug|x64.ActiveCfg = Debug|Any CPU
		{4FA9FCE5-DDD0-466D-B95E-0969CEFA8EA6}.Debug|x64.Build.0 = Debug|Any CPU
		{4FA9FCE5-DDD0-466D-B95E-0969CEFA8EA6}.Debug|x86.ActiveCfg = Debug|Any CPU
		{4FA9FCE5-DDD0-466D-B95E-0969CEFA8EA6}.Debug|x86.Build.0 = Debug|Any CPU
		{4FA9FCE5-DDD0-466D-B95E-0969CEFA8EA6}.Release|Any CPU.ActiveCfg = Release|Any CPU
		{4FA9FCE5-DDD0-466D-B95E-0969CEFA8EA6}.Release|Any CPU.Build.0 = Release|Any CPU
		{4FA9FCE5-DDD0-466D-B95E-0969CEFA8EA6}.Release|x64.ActiveCfg = Release|Any CPU
		{4FA9FCE5-DDD0-466D-B95E-0969CEFA8EA6}.Release|x64.Build.0 = Release|Any CPU
		{4FA9FCE5-DDD0-466D-B95E-0969CEFA8EA6}.Release|x86.ActiveCfg = Release|Any CPU
		{4FA9FCE5-DDD0-466D-B95E-0969CEFA8EA6}.Release|x86.Build.0 = Release|Any CPU
		{6ECE0663-8A17-4835-B5E6-9796D92C1A25}.Debug|Any CPU.ActiveCfg = Debug|Any CPU
		{6ECE0663-8A17-4835-B5E6-9796D92C1A25}.Debug|Any CPU.Build.0 = Debug|Any CPU
		{6ECE0663-8A17-4835-B5E6-9796D92C1A25}.Debug|x64.ActiveCfg = Debug|Any CPU
		{6ECE0663-8A17-4835-B5E6-9796D92C1A25}.Debug|x64.Build.0 = Debug|Any CPU
		{6ECE0663-8A17-4835-B5E6-9796D92C1A25}.Debug|x86.ActiveCfg = Debug|Any CPU
		{6ECE0663-8A17-4835-B5E6-9796D92C1A25}.Debug|x86.Build.0 = Debug|Any CPU
		{6ECE0663-8A17-4835-B5E6-9796D92C1A25}.Release|Any CPU.ActiveCfg = Release|Any CPU
		{6ECE0663-8A17-4835-B5E6-9796D92C1A25}.Release|Any CPU.Build.0 = Release|Any CPU
		{6ECE0663-8A17-4835-B5E6-9796D92C1A25}.Release|x64.ActiveCfg = Release|Any CPU
		{6ECE0663-8A17-4835-B5E6-9796D92C1A25}.Release|x64.Build.0 = Release|Any CPU
		{6ECE0663-8A17-4835-B5E6-9796D92C1A25}.Release|x86.ActiveCfg = Release|Any CPU
		{6ECE0663-8A17-4835-B5E6-9796D92C1A25}.Release|x86.Build.0 = Release|Any CPU
		{9926EA23-FF3E-40DD-96CB-DF7E0C1A324F}.Debug|Any CPU.ActiveCfg = Debug|Any CPU
		{9926EA23-FF3E-40DD-96CB-DF7E0C1A324F}.Debug|Any CPU.Build.0 = Debug|Any CPU
		{9926EA23-FF3E-40DD-96CB-DF7E0C1A324F}.Debug|x64.ActiveCfg = Debug|Any CPU
		{9926EA23-FF3E-40DD-96CB-DF7E0C1A324F}.Debug|x64.Build.0 = Debug|Any CPU
		{9926EA23-FF3E-40DD-96CB-DF7E0C1A324F}.Debug|x86.ActiveCfg = Debug|Any CPU
		{9926EA23-FF3E-40DD-96CB-DF7E0C1A324F}.Debug|x86.Build.0 = Debug|Any CPU
		{9926EA23-FF3E-40DD-96CB-DF7E0C1A324F}.Release|Any CPU.ActiveCfg = Release|Any CPU
		{9926EA23-FF3E-40DD-96CB-DF7E0C1A324F}.Release|Any CPU.Build.0 = Release|Any CPU
		{9926EA23-FF3E-40DD-96CB-DF7E0C1A324F}.Release|x64.ActiveCfg = Release|Any CPU
		{9926EA23-FF3E-40DD-96CB-DF7E0C1A324F}.Release|x64.Build.0 = Release|Any CPU
		{9926EA23-FF3E-40DD-96CB-DF7E0C1A324F}.Release|x86.ActiveCfg = Release|Any CPU
		{9926EA23-FF3E-40DD-96CB-DF7E0C1A324F}.Release|x86.Build.0 = Release|Any CPU
		{5EFA2210-4639-4E56-A677-CDD166BC5E45}.Debug|Any CPU.ActiveCfg = Debug|Any CPU
		{5EFA2210-4639-4E56-A677-CDD166BC5E45}.Debug|Any CPU.Build.0 = Debug|Any CPU
		{5EFA2210-4639-4E56-A677-CDD166BC5E45}.Debug|x64.ActiveCfg = Debug|Any CPU
		{5EFA2210-4639-4E56-A677-CDD166BC5E45}.Debug|x64.Build.0 = Debug|Any CPU
		{5EFA2210-4639-4E56-A677-CDD166BC5E45}.Debug|x86.ActiveCfg = Debug|Any CPU
		{5EFA2210-4639-4E56-A677-CDD166BC5E45}.Debug|x86.Build.0 = Debug|Any CPU
		{5EFA2210-4639-4E56-A677-CDD166BC5E45}.Release|Any CPU.ActiveCfg = Release|Any CPU
		{5EFA2210-4639-4E56-A677-CDD166BC5E45}.Release|Any CPU.Build.0 = Release|Any CPU
		{5EFA2210-4639-4E56-A677-CDD166BC5E45}.Release|x64.ActiveCfg = Release|Any CPU
		{5EFA2210-4639-4E56-A677-CDD166BC5E45}.Release|x64.Build.0 = Release|Any CPU
		{5EFA2210-4639-4E56-A677-CDD166BC5E45}.Release|x86.ActiveCfg = Release|Any CPU
		{5EFA2210-4639-4E56-A677-CDD166BC5E45}.Release|x86.Build.0 = Release|Any CPU
		{DA42F3B7-1F9C-427F-97C5-361A418B842C}.Debug|Any CPU.ActiveCfg = Debug|Any CPU
		{DA42F3B7-1F9C-427F-97C5-361A418B842C}.Debug|Any CPU.Build.0 = Debug|Any CPU
		{DA42F3B7-1F9C-427F-97C5-361A418B842C}.Debug|x64.ActiveCfg = Debug|Any CPU
		{DA42F3B7-1F9C-427F-97C5-361A418B842C}.Debug|x64.Build.0 = Debug|Any CPU
		{DA42F3B7-1F9C-427F-97C5-361A418B842C}.Debug|x86.ActiveCfg = Debug|Any CPU
		{DA42F3B7-1F9C-427F-97C5-361A418B842C}.Debug|x86.Build.0 = Debug|Any CPU
		{DA42F3B7-1F9C-427F-97C5-361A418B842C}.Release|Any CPU.ActiveCfg = Release|Any CPU
		{DA42F3B7-1F9C-427F-97C5-361A418B842C}.Release|Any CPU.Build.0 = Release|Any CPU
		{DA42F3B7-1F9C-427F-97C5-361A418B842C}.Release|x64.ActiveCfg = Release|Any CPU
		{DA42F3B7-1F9C-427F-97C5-361A418B842C}.Release|x64.Build.0 = Release|Any CPU
		{DA42F3B7-1F9C-427F-97C5-361A418B842C}.Release|x86.ActiveCfg = Release|Any CPU
		{DA42F3B7-1F9C-427F-97C5-361A418B842C}.Release|x86.Build.0 = Release|Any CPU
		{D7197A36-B66B-49EE-8FA7-89C331733414}.Debug|Any CPU.ActiveCfg = Debug|Any CPU
		{D7197A36-B66B-49EE-8FA7-89C331733414}.Debug|Any CPU.Build.0 = Debug|Any CPU
		{D7197A36-B66B-49EE-8FA7-89C331733414}.Debug|x64.ActiveCfg = Debug|Any CPU
		{D7197A36-B66B-49EE-8FA7-89C331733414}.Debug|x64.Build.0 = Debug|Any CPU
		{D7197A36-B66B-49EE-8FA7-89C331733414}.Debug|x86.ActiveCfg = Debug|Any CPU
		{D7197A36-B66B-49EE-8FA7-89C331733414}.Debug|x86.Build.0 = Debug|Any CPU
		{D7197A36-B66B-49EE-8FA7-89C331733414}.Release|Any CPU.ActiveCfg = Release|Any CPU
		{D7197A36-B66B-49EE-8FA7-89C331733414}.Release|Any CPU.Build.0 = Release|Any CPU
		{D7197A36-B66B-49EE-8FA7-89C331733414}.Release|x64.ActiveCfg = Release|Any CPU
		{D7197A36-B66B-49EE-8FA7-89C331733414}.Release|x64.Build.0 = Release|Any CPU
		{D7197A36-B66B-49EE-8FA7-89C331733414}.Release|x86.ActiveCfg = Release|Any CPU
		{D7197A36-B66B-49EE-8FA7-89C331733414}.Release|x86.Build.0 = Release|Any CPU
	EndGlobalSection
	GlobalSection(SolutionProperties) = preSolution
		HideSolutionNode = FALSE
	EndGlobalSection
	GlobalSection(NestedProjects) = preSolution
		{72043D27-1EED-403D-97C8-30FC01321887} = {827E0CD3-B72D-47B6-A68D-7590B98EB39B}
		{4FA9FCE5-DDD0-466D-B95E-0969CEFA8EA6} = {827E0CD3-B72D-47B6-A68D-7590B98EB39B}
		{6ECE0663-8A17-4835-B5E6-9796D92C1A25} = {827E0CD3-B72D-47B6-A68D-7590B98EB39B}
		{9926EA23-FF3E-40DD-96CB-DF7E0C1A324F} = {827E0CD3-B72D-47B6-A68D-7590B98EB39B}
		{5EFA2210-4639-4E56-A677-CDD166BC5E45} = {827E0CD3-B72D-47B6-A68D-7590B98EB39B}
		{DA42F3B7-1F9C-427F-97C5-361A418B842C} = {827E0CD3-B72D-47B6-A68D-7590B98EB39B}
		{D7197A36-B66B-49EE-8FA7-89C331733414} = {827E0CD3-B72D-47B6-A68D-7590B98EB39B}
	EndGlobalSection
EndGlobal
